
Microsoft Visual Studio Solution File, Format Version 12.00
# Visual Studio 15
VisualStudioVersion = 15.0.27428.1
MinimumVisualStudioVersion = 10.0.40219.1
Project("{FAE04EC0-301F-11D3-BF4B-00C04F79EFBC}") = "EC_Launcher", "EC_Launcher\EC_Launcher.csproj", "{02B61612-5241-481C-857C-0DE003BFBC4C}"
EndProject
Project("{FAE04EC0-301F-11D3-BF4B-00C04F79EFBC}") = "Updater", "Updater\Updater.csproj", "{EB9B21E1-A866-460C-9325-5147A9BAE4D9}"
EndProject
Global
	GlobalSection(SolutionConfigurationPlatforms) = preSolution
		Debug|Any CPU = Debug|Any CPU
		Release|Any CPU = Release|Any CPU
	EndGlobalSection
	GlobalSection(ProjectConfigurationPlatforms) = postSolution
		{02B61612-5241-481C-857C-0DE003BFBC4C}.Debug|Any CPU.ActiveCfg = Debug|Any CPU
		{02B61612-5241-481C-857C-0DE003BFBC4C}.Debug|Any CPU.Build.0 = Debug|Any CPU
		{02B61612-5241-481C-857C-0DE003BFBC4C}.Release|Any CPU.ActiveCfg = Release|Any CPU
		{02B61612-5241-481C-857C-0DE003BFBC4C}.Release|Any CPU.Build.0 = Release|Any CPU
		{EB9B21E1-A866-460C-9325-5147A9BAE4D9}.Debug|Any CPU.ActiveCfg = Debug|Any CPU
		{EB9B21E1-A866-460C-9325-5147A9BAE4D9}.Debug|Any CPU.Build.0 = Debug|Any CPU
		{EB9B21E1-A866-460C-9325-5147A9BAE4D9}.Release|Any CPU.ActiveCfg = Release|Any CPU
		{EB9B21E1-A866-460C-9325-5147A9BAE4D9}.Release|Any CPU.Build.0 = Release|Any CPU
	EndGlobalSection
	GlobalSection(SolutionProperties) = preSolution
		HideSolutionNode = FALSE
	EndGlobalSection
	GlobalSection(ExtensibilityGlobals) = postSolution
		SolutionGuid = {50B73177-7459-4BAD-B0B8-F84AC514190D}
	EndGlobalSection
EndGlobal
